
Microsoft Visual Studio Solution File, Format Version 12.00
# Visual Studio 15
Project("{FAE04EC0-301F-11D3-BF4B-00C04F79EFBC}") = "Assembly-CSharp", "Assembly-CSharp.csproj", "{26A4A70E-3471-B7A9-E7CA-C509C810D7BB}"
EndProject
Project("{FAE04EC0-301F-11D3-BF4B-00C04F79EFBC}") = "Assembly-CSharp-firstpass", "Assembly-CSharp-firstpass.csproj", "{A53D21AF-E333-4AB2-731C-CF44A5F08383}"
EndProject
Project("{FAE04EC0-301F-11D3-BF4B-00C04F79EFBC}") = "Assembly-CSharp-Editor", "Assembly-CSharp-Editor.csproj", "{9BC4958E-6E99-BA5B-4AAE-F903DFDF0B77}"
EndProject
Global
	GlobalSection(SolutionConfigurationPlatforms) = preSolution
		Debug|Any CPU = Debug|Any CPU
		Release|Any CPU = Release|Any CPU
	EndGlobalSection
	GlobalSection(ProjectConfigurationPlatforms) = postSolution
		{26A4A70E-3471-B7A9-E7CA-C509C810D7BB}.Debug|Any CPU.ActiveCfg = Debug|Any CPU
		{26A4A70E-3471-B7A9-E7CA-C509C810D7BB}.Debug|Any CPU.Build.0 = Debug|Any CPU
		{26A4A70E-3471-B7A9-E7CA-C509C810D7BB}.Release|Any CPU.ActiveCfg = Release|Any CPU
		{26A4A70E-3471-B7A9-E7CA-C509C810D7BB}.Release|Any CPU.Build.0 = Release|Any CPU
		{A53D21AF-E333-4AB2-731C-CF44A5F08383}.Debug|Any CPU.ActiveCfg = Debug|Any CPU
		{A53D21AF-E333-4AB2-731C-CF44A5F08383}.Debug|Any CPU.Build.0 = Debug|Any CPU
		{A53D21AF-E333-4AB2-731C-CF44A5F08383}.Release|Any CPU.ActiveCfg = Release|Any CPU
		{A53D21AF-E333-4AB2-731C-CF44A5F08383}.Release|Any CPU.Build.0 = Release|Any CPU
		{9BC4958E-6E99-BA5B-4AAE-F903DFDF0B77}.Debug|Any CPU.ActiveCfg = Debug|Any CPU
		{9BC4958E-6E99-BA5B-4AAE-F903DFDF0B77}.Debug|Any CPU.Build.0 = Debug|Any CPU
		{9BC4958E-6E99-BA5B-4AAE-F903DFDF0B77}.Release|Any CPU.ActiveCfg = Release|Any CPU
		{9BC4958E-6E99-BA5B-4AAE-F903DFDF0B77}.Release|Any CPU.Build.0 = Release|Any CPU
	EndGlobalSection
	GlobalSection(SolutionProperties) = preSolution
		HideSolutionNode = FALSE
	EndGlobalSection
EndGlobal
